
Microsoft Visual Studio Solution File, Format Version 12.00
# Visual Studio Version 16
VisualStudioVersion = 16.0.31624.102
MinimumVisualStudioVersion = 10.0.40219.1
Project("{FAE04EC0-301F-11D3-BF4B-00C04F79EFBC}") = "MasterSbsa", "MasterSbsa\MasterSbsa.csproj", "{8EEF4E51-7BD4-4C05-8BB7-9B5DFCDD5AD7}"
EndProject
Project("{FAE04EC0-301F-11D3-BF4B-00C04F79EFBC}") = "FeriasWeb", "..\..\..\RH\ProgramacaoFerias\FeriasWeb\FeriasWeb.csproj", "{6CC4C233-BCD8-4276-9A37-ABD2F5B8EF78}"
EndProject
Global
	GlobalSection(SolutionConfigurationPlatforms) = preSolution
		Debug|Any CPU = Debug|Any CPU
		Debug|x64 = Debug|x64
		Debug|x86 = Debug|x86
		Release|Any CPU = Release|Any CPU
		Release|x64 = Release|x64
		Release|x86 = Release|x86
	EndGlobalSection
	GlobalSection(ProjectConfigurationPlatforms) = postSolution
		{8EEF4E51-7BD4-4C05-8BB7-9B5DFCDD5AD7}.Debug|Any CPU.ActiveCfg = Debug|Any CPU
		{8EEF4E51-7BD4-4C05-8BB7-9B5DFCDD5AD7}.Debug|Any CPU.Build.0 = Debug|Any CPU
		{8EEF4E51-7BD4-4C05-8BB7-9B5DFCDD5AD7}.Debug|x64.ActiveCfg = Debug|x64
		{8EEF4E51-7BD4-4C05-8BB7-9B5DFCDD5AD7}.Debug|x64.Build.0 = Debug|x64
		{8EEF4E51-7BD4-4C05-8BB7-9B5DFCDD5AD7}.Debug|x86.ActiveCfg = Debug|x86
		{8EEF4E51-7BD4-4C05-8BB7-9B5DFCDD5AD7}.Debug|x86.Build.0 = Debug|x86
		{8EEF4E51-7BD4-4C05-8BB7-9B5DFCDD5AD7}.Release|Any CPU.ActiveCfg = Release|Any CPU
		{8EEF4E51-7BD4-4C05-8BB7-9B5DFCDD5AD7}.Release|Any CPU.Build.0 = Release|Any CPU
		{8EEF4E51-7BD4-4C05-8BB7-9B5DFCDD5AD7}.Release|x64.ActiveCfg = Release|x64
		{8EEF4E51-7BD4-4C05-8BB7-9B5DFCDD5AD7}.Release|x64.Build.0 = Release|x64
		{8EEF4E51-7BD4-4C05-8BB7-9B5DFCDD5AD7}.Release|x86.ActiveCfg = Release|x86
		{8EEF4E51-7BD4-4C05-8BB7-9B5DFCDD5AD7}.Release|x86.Build.0 = Release|x86
		{6CC4C233-BCD8-4276-9A37-ABD2F5B8EF78}.Debug|Any CPU.ActiveCfg = Debug|Any CPU
		{6CC4C233-BCD8-4276-9A37-ABD2F5B8EF78}.Debug|Any CPU.Build.0 = Debug|Any CPU
		{6CC4C233-BCD8-4276-9A37-ABD2F5B8EF78}.Debug|x64.ActiveCfg = Debug|x64
		{6CC4C233-BCD8-4276-9A37-ABD2F5B8EF78}.Debug|x64.Build.0 = Debug|x64
		{6CC4C233-BCD8-4276-9A37-ABD2F5B8EF78}.Debug|x86.ActiveCfg = Debug|x86
		{6CC4C233-BCD8-4276-9A37-ABD2F5B8EF78}.Debug|x86.Build.0 = Debug|x86
		{6CC4C233-BCD8-4276-9A37-ABD2F5B8EF78}.Release|Any CPU.ActiveCfg = Release|Any CPU
		{6CC4C233-BCD8-4276-9A37-ABD2F5B8EF78}.Release|Any CPU.Build.0 = Release|Any CPU
		{6CC4C233-BCD8-4276-9A37-ABD2F5B8EF78}.Release|x64.ActiveCfg = Release|x64
		{6CC4C233-BCD8-4276-9A37-ABD2F5B8EF78}.Release|x64.Build.0 = Release|x64
		{6CC4C233-BCD8-4276-9A37-ABD2F5B8EF78}.Release|x86.ActiveCfg = Release|x86
		{6CC4C233-BCD8-4276-9A37-ABD2F5B8EF78}.Release|x86.Build.0 = Release|x86
	EndGlobalSection
	GlobalSection(SolutionProperties) = preSolution
		HideSolutionNode = FALSE
	EndGlobalSection
	GlobalSection(ExtensibilityGlobals) = postSolution
		SolutionGuid = {4C86A1C8-DADA-4692-AB9B-BD0E1E88A210}
	EndGlobalSection
EndGlobal
